
Microsoft Visual Studio Solution File, Format Version 12.00
# Visual Studio Version 17
VisualStudioVersion = 17.5.33627.172
MinimumVisualStudioVersion = 10.0.40219.1
Project("{FAE04EC0-301F-11D3-BF4B-00C04F79EFBC}") = "житя", "житя\житя.csproj", "{B477DF05-48BF-4710-B04A-1F8E109C2C4E}"
EndProject
Global
	GlobalSection(SolutionConfigurationPlatforms) = preSolution
		Debug|Any CPU = Debug|Any CPU
		Release|Any CPU = Release|Any CPU
	EndGlobalSection
	GlobalSection(ProjectConfigurationPlatforms) = postSolution
		{B477DF05-48BF-4710-B04A-1F8E109C2C4E}.Debug|Any CPU.ActiveCfg = Debug|Any CPU
		{B477DF05-48BF-4710-B04A-1F8E109C2C4E}.Debug|Any CPU.Build.0 = Debug|Any CPU
		{B477DF05-48BF-4710-B04A-1F8E109C2C4E}.Release|Any CPU.ActiveCfg = Release|Any CPU
		{B477DF05-48BF-4710-B04A-1F8E109C2C4E}.Release|Any CPU.Build.0 = Release|Any CPU
	EndGlobalSection
	GlobalSection(SolutionProperties) = preSolution
		HideSolutionNode = FALSE
	EndGlobalSection
	GlobalSection(ExtensibilityGlobals) = postSolution
		SolutionGuid = {DE40F646-AAAD-40F3-AB00-C86B5CD5B985}
	EndGlobalSection
EndGlobal
